
Microsoft Visual Studio Solution File, Format Version 12.00
# Visual Studio Version 17
VisualStudioVersion = 17.4.33122.133
MinimumVisualStudioVersion = 10.0.40219.1
Project("{FAE04EC0-301F-11D3-BF4B-00C04F79EFBC}") = "test progetto 1", "test progetto 1\test progetto 1.csproj", "{4C94B4F7-A46B-4EA7-A0A7-08188752E5DA}"
EndProject
Global
	GlobalSection(SolutionConfigurationPlatforms) = preSolution
		Debug|Any CPU = Debug|Any CPU
		Release|Any CPU = Release|Any CPU
	EndGlobalSection
	GlobalSection(ProjectConfigurationPlatforms) = postSolution
		{4C94B4F7-A46B-4EA7-A0A7-08188752E5DA}.Debug|Any CPU.ActiveCfg = Debug|Any CPU
		{4C94B4F7-A46B-4EA7-A0A7-08188752E5DA}.Debug|Any CPU.Build.0 = Debug|Any CPU
		{4C94B4F7-A46B-4EA7-A0A7-08188752E5DA}.Release|Any CPU.ActiveCfg = Release|Any CPU
		{4C94B4F7-A46B-4EA7-A0A7-08188752E5DA}.Release|Any CPU.Build.0 = Release|Any CPU
	EndGlobalSection
	GlobalSection(SolutionProperties) = preSolution
		HideSolutionNode = FALSE
	EndGlobalSection
	GlobalSection(ExtensibilityGlobals) = postSolution
		SolutionGuid = {AE46E7DD-3675-4DF8-98C0-E5D689607874}
	EndGlobalSection
EndGlobal
